Microsoft Visual Studio Solution File, Format Version 12.00
# Visual Studio 15
VisualStudioVersion = 15.0.28307.168
MinimumVisualStudioVersion = 10.0.40219.1
Project("{FAE04EC0-301F-11D3-BF4B-00C04F79EFBC}") = "DistributedGame", "DistributedGame\DistributedGame.csproj", "{44F83F0F-173E-481E-B7A4-44C78EB67389}"
EndProject
Project("{FAE04EC0-301F-11D3-BF4B-00C04F79EFBC}") = "FunNetworkKing", "FunNetworkKing\FunNetworkKing.csproj", "{990B7A73-6BF1-4048-B47D-6426438C1CEE}"
EndProject
Global
	GlobalSection(SolutionConfigurationPlatforms) = preSolution
		Debug|Any CPU = Debug|Any CPU
		Release|Any CPU = Release|Any CPU
	EndGlobalSection
	GlobalSection(ProjectConfigurationPlatforms) = postSolution
		{44F83F0F-173E-481E-B7A4-44C78EB67389}.Debug|Any CPU.ActiveCfg = Debug|Any CPU
		{44F83F0F-173E-481E-B7A4-44C78EB67389}.Debug|Any CPU.Build.0 = Debug|Any CPU
		{44F83F0F-173E-481E-B7A4-44C78EB67389}.Release|Any CPU.ActiveCfg = Release|Any CPU
		{44F83F0F-173E-481E-B7A4-44C78EB67389}.Release|Any CPU.Build.0 = Release|Any CPU
		{990B7A73-6BF1-4048-B47D-6426438C1CEE}.Debug|Any CPU.ActiveCfg = Debug|Any CPU
		{990B7A73-6BF1-4048-B47D-6426438C1CEE}.Debug|Any CPU.Build.0 = Debug|Any CPU
		{990B7A73-6BF1-4048-B47D-6426438C1CEE}.Release|Any CPU.ActiveCfg = Release|Any CPU
		{990B7A73-6BF1-4048-B47D-6426438C1CEE}.Release|Any CPU.Build.0 = Release|Any CPU
	EndGlobalSection
	GlobalSection(SolutionProperties) = preSolution
		HideSolutionNode = FALSE
	EndGlobalSection
	GlobalSection(ExtensibilityGlobals) = postSolution
		SolutionGuid = {587045E0-D046-4937-9DAA-335E05633C06}
	EndGlobalSection
EndGlobal
